
Microsoft Visual Studio Solution File, Format Version 12.00
# Visual Studio Version 17
VisualStudioVersion = 17.0.31903.59
MinimumVisualStudioVersion = 10.0.40219.1
Project("{2150E333-8FDC-42A3-9474-1A3956D46DE8}") = "src", "src", "{827E0CD3-B72D-47B6-A68D-7590B98EB39B}"
EndProject
Project("{FAE04EC0-301F-11D3-BF4B-00C04F79EFBC}") = "PostgresCopy", "src\PostgresCopy\PostgresCopy.csproj", "{0EFCA6CA-DAF8-400D-A648-074E2CED819F}"
EndProject
Project("{2150E333-8FDC-42A3-9474-1A3956D46DE8}") = "tests", "tests", "{0AB3BF05-4346-4AA6-1389-037BE0695223}"
EndProject
Project("{FAE04EC0-301F-11D3-BF4B-00C04F79EFBC}") = "PostgresCopy.Tests", "tests\PostgresCopy.Tests\PostgresCopy.Tests.csproj", "{8E41986B-764E-41A2-9C20-2864FFFB9D29}"
EndProject
Project("{FAE04EC0-301F-11D3-BF4B-00C04F79EFBC}") = "PostgresCopy.Web", "src\PostgresCopy.Web\PostgresCopy.Web.csproj", "{C6C09169-84AF-48CF-B31D-B114F624D18A}"
EndProject
Global
	GlobalSection(SolutionConfigurationPlatforms) = preSolution
		Debug|Any CPU = Debug|Any CPU
		Debug|x64 = Debug|x64
		Debug|x86 = Debug|x86
		Release|Any CPU = Release|Any CPU
		Release|x64 = Release|x64
		Release|x86 = Release|x86
	EndGlobalSection
	GlobalSection(ProjectConfigurationPlatforms) = postSolution
		{0EFCA6CA-DAF8-400D-A648-074E2CED819F}.Debug|Any CPU.ActiveCfg = Debug|Any CPU
		{0EFCA6CA-DAF8-400D-A648-074E2CED819F}.Debug|Any CPU.Build.0 = Debug|Any CPU
		{0EFCA6CA-DAF8-400D-A648-074E2CED819F}.Debug|x64.ActiveCfg = Debug|Any CPU
		{0EFCA6CA-DAF8-400D-A648-074E2CED819F}.Debug|x64.Build.0 = Debug|Any CPU
		{0EFCA6CA-DAF8-400D-A648-074E2CED819F}.Debug|x86.ActiveCfg = Debug|Any CPU
		{0EFCA6CA-DAF8-400D-A648-074E2CED819F}.Debug|x86.Build.0 = Debug|Any CPU
		{0EFCA6CA-DAF8-400D-A648-074E2CED819F}.Release|Any CPU.ActiveCfg = Release|Any CPU
		{0EFCA6CA-DAF8-400D-A648-074E2CED819F}.Release|Any CPU.Build.0 = Release|Any CPU
		{0EFCA6CA-DAF8-400D-A648-074E2CED819F}.Release|x64.ActiveCfg = Release|Any CPU
		{0EFCA6CA-DAF8-400D-A648-074E2CED819F}.Release|x64.Build.0 = Release|Any CPU
		{0EFCA6CA-DAF8-400D-A648-074E2CED819F}.Release|x86.ActiveCfg = Release|Any CPU
		{0EFCA6CA-DAF8-400D-A648-074E2CED819F}.Release|x86.Build.0 = Release|Any CPU
		{8E41986B-764E-41A2-9C20-2864FFFB9D29}.Debug|Any CPU.ActiveCfg = Debug|Any CPU
		{8E41986B-764E-41A2-9C20-2864FFFB9D29}.Debug|Any CPU.Build.0 = Debug|Any CPU
		{8E41986B-764E-41A2-9C20-2864FFFB9D29}.Debug|x64.ActiveCfg = Debug|Any CPU
		{8E41986B-764E-41A2-9C20-2864FFFB9D29}.Debug|x64.Build.0 = Debug|Any CPU
		{8E41986B-764E-41A2-9C20-2864FFFB9D29}.Debug|x86.ActiveCfg = Debug|Any CPU
		{8E41986B-764E-41A2-9C20-2864FFFB9D29}.Debug|x86.Build.0 = Debug|Any CPU
		{8E41986B-764E-41A2-9C20-2864FFFB9D29}.Release|Any CPU.ActiveCfg = Release|Any CPU
		{8E41986B-764E-41A2-9C20-2864FFFB9D29}.Release|Any CPU.Build.0 = Release|Any CPU
		{8E41986B-764E-41A2-9C20-2864FFFB9D29}.Release|x64.ActiveCfg = Release|Any CPU
		{8E41986B-764E-41A2-9C20-2864FFFB9D29}.Release|x64.Build.0 = Release|Any CPU
		{8E41986B-764E-41A2-9C20-2864FFFB9D29}.Release|x86.ActiveCfg = Release|Any CPU
		{8E41986B-764E-41A2-9C20-2864FFFB9D29}.Release|x86.Build.0 = Release|Any CPU
		{C6C09169-84AF-48CF-B31D-B114F624D18A}.Debug|Any CPU.ActiveCfg = Debug|Any CPU
		{C6C09169-84AF-48CF-B31D-B114F624D18A}.Debug|Any CPU.Build.0 = Debug|Any CPU
		{C6C09169-84AF-48CF-B31D-B114F624D18A}.Debug|x64.ActiveCfg = Debug|Any CPU
		{C6C09169-84AF-48CF-B31D-B114F624D18A}.Debug|x64.Build.0 = Debug|Any CPU
		{C6C09169-84AF-48CF-B31D-B114F624D18A}.Debug|x86.ActiveCfg = Debug|Any CPU
		{C6C09169-84AF-48CF-B31D-B114F624D18A}.Debug|x86.Build.0 = Debug|Any CPU
		{C6C09169-84AF-48CF-B31D-B114F624D18A}.Release|Any CPU.ActiveCfg = Release|Any CPU
		{C6C09169-84AF-48CF-B31D-B114F624D18A}.Release|Any CPU.Build.0 = Release|Any CPU
		{C6C09169-84AF-48CF-B31D-B114F624D18A}.Release|x64.ActiveCfg = Release|Any CPU
		{C6C09169-84AF-48CF-B31D-B114F624D18A}.Release|x64.Build.0 = Release|Any CPU
		{C6C09169-84AF-48CF-B31D-B114F624D18A}.Release|x86.ActiveCfg = Release|Any CPU
		{C6C09169-84AF-48CF-B31D-B114F624D18A}.Release|x86.Build.0 = Release|Any CPU
	EndGlobalSection
	GlobalSection(SolutionProperties) = preSolution
		HideSolutionNode = FALSE
	EndGlobalSection
	GlobalSection(NestedProjects) = preSolution
		{0EFCA6CA-DAF8-400D-A648-074E2CED819F} = {827E0CD3-B72D-47B6-A68D-7590B98EB39B}
		{8E41986B-764E-41A2-9C20-2864FFFB9D29} = {0AB3BF05-4346-4AA6-1389-037BE0695223}
		{C6C09169-84AF-48CF-B31D-B114F624D18A} = {827E0CD3-B72D-47B6-A68D-7590B98EB39B}
	EndGlobalSection
EndGlobal
